[[package]]
name = "attrs"
version = "20.3.0"
description = "Classes Without Boilerplate"
category = "main"
optional = false
python-versions = ">=2.7, !=3.0.*, !=3.1.*, !=3.2.*, !=3.3.*"

[package.extras]
dev = ["coverage[toml] (>=5.0.2)", "hypothesis", "pympler", "pytest (>=4.3.0)", "six", "zope.interface", "furo", "sphinx", "pre-commit"]
docs = ["furo", "sphinx", "zope.interface"]
tests = ["coverage[toml] (>=5.0.2)", "hypothesis", "pympler", "pytest (>=4.3.0)", "six", "zope.interface"]
tests_no_zope = ["coverage[toml] (>=5.0.2)", "hypothesis", "pympler", "pytest (>=4.3.0)", "six"]

[[package]]
name = "berpublicsearch"
version = "0.2.3"
description = ""
category = "main"
optional = false
python-versions = ">=3.6.1,<4.0"

[package.dependencies]
dask = {version = ">=2020.12.0,<2021.0.0", extras = ["dataframe"]}
pyarrow = ">=2.0.0,<3.0.0"
requests = ">=2.25.0,<3.0.0"
tqdm = ">=4.54.1,<5.0.0"

[[package]]
name = "certifi"
version = "2020.12.5"
description = "Python package for providing Mozilla's CA Bundle."
category = "main"
optional = false
python-versions = "*"

[[package]]
name = "chardet"
version = "4.0.0"
description = "Universal encoding detector for Python 2 and 3"
category = "main"
optional = false
python-versions = ">=2.7, !=3.0.*, !=3.1.*, !=3.2.*, !=3.3.*, !=3.4.*"

[[package]]
name = "click"
version = "7.1.2"
description = "Composable command line interface toolkit"
category = "main"
optional = false
python-versions = ">=2.7, !=3.0.*, !=3.1.*, !=3.2.*, !=3.3.*, !=3.4.*"

[[package]]
name = "click-plugins"
version = "1.1.1"
description = "An extension module for click to enable registering CLI commands via setuptools entry-points."
category = "main"
optional = false
python-versions = "*"

[package.dependencies]
click = ">=4.0"

[package.extras]
dev = ["pytest (>=3.6)", "pytest-cov", "wheel", "coveralls"]

[[package]]
name = "cligj"
version = "0.7.1"
description = "Click params for commmand line interfaces to GeoJSON"
category = "main"
optional = false
python-versions = ">=2.7, !=3.0.*, !=3.1.*, !=3.2.*, <4"

[package.dependencies]
click = ">=4.0,<8"

[package.extras]
test = ["pytest-cov"]

[[package]]
name = "dask"
version = "2020.12.0"
description = "Parallel PyData with Task Scheduling"
category = "main"
optional = false
python-versions = ">=3.6"

[package.dependencies]
fsspec = {version = ">=0.6.0", optional = true, markers = "extra == \"dataframe\""}
numpy = {version = ">=1.15.1", optional = true, markers = "extra == \"dataframe\""}
pandas = {version = ">=0.25.0", optional = true, markers = "extra == \"dataframe\""}
partd = {version = ">=0.3.10", optional = true, markers = "extra == \"dataframe\""}
pyyaml = "*"
toolz = {version = ">=0.8.2", optional = true, markers = "extra == \"dataframe\""}

[package.extras]
array = ["numpy (>=1.15.1)", "toolz (>=0.8.2)"]
bag = ["cloudpickle (>=0.2.2)", "fsspec (>=0.6.0)", "toolz (>=0.8.2)", "partd (>=0.3.10)"]
complete = ["bokeh (>=1.0.0,!=2.0.0)", "cloudpickle (>=0.2.2)", "distributed (>=2.0)", "fsspec (>=0.6.0)", "numpy (>=1.15.1)", "pandas (>=0.25.0)", "partd (>=0.3.10)", "toolz (>=0.8.2)"]
dataframe = ["numpy (>=1.15.1)", "pandas (>=0.25.0)", "toolz (>=0.8.2)", "partd (>=0.3.10)", "fsspec (>=0.6.0)"]
delayed = ["cloudpickle (>=0.2.2)", "toolz (>=0.8.2)"]
diagnostics = ["bokeh (>=1.0.0,!=2.0.0)"]
distributed = ["distributed (>=2.0)"]

[[package]]
name = "fiona"
version = "1.8.18"
description = "Fiona reads and writes spatial data files"
category = "main"
optional = false
python-versions = "*"

[package.dependencies]
attrs = ">=17"
certifi = "*"
click = ">=4.0,<8"
click-plugins = ">=1.0"
cligj = ">=0.5"
munch = "*"
six = ">=1.7"

[package.extras]
all = ["pytest (>=3)", "boto3 (>=1.2.4)", "pytest-cov", "shapely", "mock"]
calc = ["shapely"]
s3 = ["boto3 (>=1.2.4)"]
test = ["pytest (>=3)", "pytest-cov", "boto3 (>=1.2.4)", "mock"]

[[package]]
name = "fsspec"
version = "0.8.5"
description = "File-system specification"
category = "main"
optional = false
python-versions = ">3.6"

[package.extras]
abfs = ["adlfs"]
adl = ["adlfs"]
dask = ["dask", "distributed"]
dropbox = ["dropboxdrivefs", "requests", "dropbox"]
gcs = ["gcsfs"]
git = ["pygit2"]
github = ["requests"]
gs = ["gcsfs"]
hdfs = ["pyarrow"]
http = ["requests", "aiohttp"]
s3 = ["s3fs"]
sftp = ["paramiko"]
smb = ["smbprotocol"]
ssh = ["paramiko"]

[[package]]
name = "geopandas"
version = "0.8.2"
description = "Geographic pandas extensions"
category = "main"
optional = false
python-versions = ">=3.5"

[package.dependencies]
fiona = "*"
pandas = ">=0.23.0"
pyproj = ">=2.2.0"
shapely = "*"

[[package]]
name = "idna"
version = "2.10"
description = "Internationalized Domain Names in Applications (IDNA)"
category = "main"
optional = false
python-versions = ">=2.7, !=3.0.*, !=3.1.*, !=3.2.*, !=3.3.*"

[[package]]
name = "locket"
version = "0.2.1"
description = "File-based locks for Python for Linux and Windows"
category = "main"
optional = false
python-versions = ">=2.7, !=3.0.*, !=3.1.*, !=3.2.*, !=3.3.*"

[[package]]
name = "munch"
version = "2.5.0"
description = "A dot-accessible dictionary (a la JavaScript objects)"
category = "main"
optional = false
python-versions = "*"

[package.dependencies]
six = "*"

[package.extras]
testing = ["pytest", "coverage", "astroid (>=1.5.3,<1.6.0)", "pylint (>=1.7.2,<1.8.0)", "astroid (>=2.0)", "pylint (>=2.3.1,<2.4.0)"]
yaml = ["PyYAML (>=5.1.0)"]

[[package]]
name = "numpy"
version = "1.20.1"
description = "NumPy is the fundamental package for array computing with Python."
category = "main"
optional = false
python-versions = ">=3.7"

[[package]]
name = "pandas"
version = "1.2.2"
description = "Powerful data structures for data analysis, time series, and statistics"
category = "main"
optional = false
python-versions = ">=3.7.1"

[package.dependencies]
numpy = ">=1.16.5"
python-dateutil = ">=2.7.3"
pytz = ">=2017.3"

[package.extras]
test = ["pytest (>=5.0.1)", "pytest-xdist", "hypothesis (>=3.58)"]

[[package]]
name = "partd"
version = "1.1.0"
description = "Appendable key-value storage"
category = "main"
optional = false
python-versions = ">=3.5"

[package.dependencies]
locket = "*"
toolz = "*"

[package.extras]
complete = ["numpy (>=1.9.0)", "pandas (>=0.19.0)", "pyzmq", "blosc"]

[[package]]
name = "pyarrow"
version = "2.0.0"
description = "Python library for Apache Arrow"
category = "main"
optional = false
python-versions = ">=3.5"

[package.dependencies]
numpy = ">=1.14"

[[package]]
name = "pyproj"
version = "3.0.0.post1"
description = "Python interface to PROJ (cartographic projections and coordinate transformations library)"
category = "main"
optional = false
python-versions = ">=3.6"

[package.dependencies]
certifi = "*"

[[package]]
name = "python-dateutil"
version = "2.8.1"
description = "Extensions to the standard Python datetime module"
category = "main"
optional = false
python-versions = "!=3.0.*,!=3.1.*,!=3.2.*,>=2.7"

[package.dependencies]
six = ">=1.5"

[[package]]
name = "pytz"
version = "2021.1"
description = "World timezone definitions, modern and historical"
category = "main"
optional = false
python-versions = "*"

[[package]]
name = "pyyaml"
version = "5.4.1"
description = "YAML parser and emitter for Python"
category = "main"
optional = false
python-versions = ">=2.7, !=3.0.*, !=3.1.*, !=3.2.*, !=3.3.*, !=3.4.*, !=3.5.*"

[[package]]
name = "requests"
version = "2.25.1"
description = "Python HTTP for Humans."
category = "main"
optional = false
python-versions = ">=2.7, !=3.0.*, !=3.1.*, !=3.2.*, !=3.3.*, !=3.4.*"

[package.dependencies]
certifi = ">=2017.4.17"
chardet = ">=3.0.2,<5"
idna = ">=2.5,<3"
urllib3 = ">=1.21.1,<1.27"

[package.extras]
security = ["pyOpenSSL (>=0.14)", "cryptography (>=1.3.4)"]
socks = ["PySocks (>=1.5.6,!=1.5.7)", "win-inet-pton"]

[[package]]
name = "shapely"
version = "1.7.1"
description = "Geometric objects, predicates, and operations"
category = "main"
optional = false
python-versions = "*"

[package.extras]
all = ["numpy", "pytest", "pytest-cov"]
test = ["pytest", "pytest-cov"]
vectorized = ["numpy"]

[[package]]
name = "six"
version = "1.15.0"
description = "Python 2 and 3 compatibility utilities"
category = "main"
optional = false
python-versions = ">=2.7, !=3.0.*, !=3.1.*, !=3.2.*"

[[package]]
name = "toolz"
version = "0.11.1"
description = "List processing tools and functional utilities"
category = "main"
optional = false
python-versions = ">=3.5"

[[package]]
name = "tqdm"
version = "4.57.0"
description = "Fast, Extensible Progress Meter"
category = "main"
optional = false
python-versions = "!=3.0.*,!=3.1.*,!=3.2.*,!=3.3.*,>=2.7"

[package.extras]
dev = ["py-make (>=0.1.0)", "twine", "wheel"]
telegram = ["requests"]

[[package]]
name = "urllib3"
version = "1.26.3"
description = "HTTP library with thread-safe connection pooling, file post, and more."
category = "main"
optional = false
python-versions = ">=2.7, !=3.0.*, !=3.1.*, !=3.2.*, !=3.3.*, !=3.4.*, <4"

[package.extras]
brotli = ["brotlipy (>=0.6.0)"]
secure = ["pyOpenSSL (>=0.14)", "cryptography (>=1.3.4)", "idna (>=2.0.0)", "certifi", "ipaddress"]
socks = ["PySocks (>=1.5.6,!=1.5.7,<2.0)"]

[[package]]
name = "valuation-office-ireland"
version = "0.1.0"
description = "An unofficial Python API for the Valuation Office REST API"
category = "main"
optional = false
python-versions = ">=3.6.1,<4.0"

[metadata]
lock-version = "1.1"
python-versions = ">=3.7.1,<4.0"
content-hash = "d9948ce378cd5f52ca7a8f38aee2e9c63feb91830e742118a71f1d245a157630"

[metadata.files]
attrs = [
    {file = "attrs-20.3.0-py2.py3-none-any.whl", hash = "sha256:31b2eced602aa8423c2aea9c76a724617ed67cf9513173fd3a4f03e3a929c7e6"},
    {file = "attrs-20.3.0.tar.gz", hash = "sha256:832aa3cde19744e49938b91fea06d69ecb9e649c93ba974535d08ad92164f700"},
]
berpublicsearch = [
    {file = "berpublicsearch-0.2.3-py3-none-any.whl", hash = "sha256:b7df29c3f7ee6a10231c961990586915f4a78190c821017aeaa838cc9197d5e3"},
    {file = "berpublicsearch-0.2.3.tar.gz", hash = "sha256:fa3c508cc8c942884eefae1999ea2397cdff717581233bb77e66de6ec9e93e99"},
]
certifi = [
    {file = "certifi-2020.12.5-py2.py3-none-any.whl", hash = "sha256:719a74fb9e33b9bd44cc7f3a8d94bc35e4049deebe19ba7d8e108280cfd59830"},
    {file = "certifi-2020.12.5.tar.gz", hash = "sha256:1a4995114262bffbc2413b159f2a1a480c969de6e6eb13ee966d470af86af59c"},
]
chardet = [
    {file = "chardet-4.0.0-py2.py3-none-any.whl", hash = "sha256:f864054d66fd9118f2e67044ac8981a54775ec5b67aed0441892edb553d21da5"},
    {file = "chardet-4.0.0.tar.gz", hash = "sha256:0d6f53a15db4120f2b08c94f11e7d93d2c911ee118b6b30a04ec3ee8310179fa"},
]
click = [
    {file = "click-7.1.2-py2.py3-none-any.whl", hash = "sha256:dacca89f4bfadd5de3d7489b7c8a566eee0d3676333fbb50030263894c38c0dc"},
    {file = "click-7.1.2.tar.gz", hash = "sha256:d2b5255c7c6349bc1bd1e59e08cd12acbbd63ce649f2588755783aa94dfb6b1a"},
]
click-plugins = [
    {file = "click-plugins-1.1.1.tar.gz", hash = "sha256:46ab999744a9d831159c3411bb0c79346d94a444df9a3a3742e9ed63645f264b"},
    {file = "click_plugins-1.1.1-py2.py3-none-any.whl", hash = "sha256:5d262006d3222f5057fd81e1623d4443e41dcda5dc815c06b442aa3c02889fc8"},
]
cligj = [
    {file = "cligj-0.7.1-py3-none-any.whl", hash = "sha256:07171c1e287f45511f97df4ea071abc5d19924153413d5683a8e4866369bc676"},
    {file = "cligj-0.7.1.tar.gz", hash = "sha256:b2f1f7247d59a5387bd3013a08b9ed6829e96fafa4a6e6292341efdb46fe6220"},
]
dask = [
    {file = "dask-2020.12.0-py3-none-any.whl", hash = "sha256:5741db6e2426c001cecd374cba3bba8fea16a2da081089376ebcad9f8cf32aca"},
    {file = "dask-2020.12.0.tar.gz", hash = "sha256:43e745afd4b464e6c0113131e430a16dce6ac42460b06e24d799093d098f7ab0"},
]
fiona = [
    {file = "Fiona-1.8.18-cp27-cp27mu-manylinux1_x86_64.whl", hash = "sha256:c64cc0bab040c3a2aec12edd2e1407e3b52609117d9a9a471e3d25172abb1e5e"},
    {file = "Fiona-1.8.18-cp35-cp35m-macosx_10_9_intel.whl", hash = "sha256:8891d25bcb795eec2294390b56426fded566bcc8ed3730dac7e7a61cde71f1b5"},
    {file = "Fiona-1.8.18-cp35-cp35m-manylinux1_x86_64.whl", hash = "sha256:9fdaaebd5b1b2dd59a0bce9f8ca3e3fba3ef86346be603985590773e4822a543"},
    {file = "Fiona-1.8.18-cp36-cp36m-macosx_10_9_x86_64.whl", hash = "sha256:8a818fa6cd1ae7ef3b3061ca8f52b694557d2fcf303d7c5431dd961ea09a5ccf"},
    {file = "Fiona-1.8.18-cp36-cp36m-manylinux1_x86_64.whl", hash = "sha256:e34612996121a66559fac9013fd30d8200ed17df54c71edf63461a8b6f519cf5"},
    {file = "Fiona-1.8.18-cp37-cp37m-macosx_10_9_x86_64.whl", hash = "sha256:c0ec331f9cf43bb3399d41a04f8b7ee5ebddea93de3e780fba98f3bf75b39eb3"},
    {file = "Fiona-1.8.18-cp37-cp37m-manylinux1_x86_64.whl", hash = "sha256:67df21101e185bbb611846138a3094ee3196b746aa336be3db3a64d7971b8fed"},
    {file = "Fiona-1.8.18-cp38-cp38-macosx_10_9_x86_64.whl", hash = "sha256:b5a77bcd113dfa2424ff97190b3dc907640777615490e55777e8042a5b84ed78"},
    {file = "Fiona-1.8.18-cp38-cp38-manylinux1_x86_64.whl", hash = "sha256:a3de7c1da06bc036dcd8954fa30e089587af335d4e549539169b1de9fe8badba"},
    {file = "Fiona-1.8.18-cp39-cp39-manylinux1_x86_64.whl", hash = "sha256:1c26f38bfbcd51e710c361f26db605ccf2b5f2a7967e0f4a88683cac3845c947"},
    {file = "Fiona-1.8.18.tar.gz", hash = "sha256:b732ece0ff8886a29c439723a3e1fc382718804bb057519d537a81308854967a"},
]
fsspec = [
    {file = "fsspec-0.8.5-py3-none-any.whl", hash = "sha256:5629dc945800873cb2092df806c854e74c2799f4854247bce37ca7171000a7ec"},
    {file = "fsspec-0.8.5.tar.gz", hash = "sha256:890c6ce9325030f03bd2eae81389ddcbcee53bdd475334ca064595e1e45f92a6"},
]
geopandas = [
    {file = "geopandas-0.8.2-py2.py3-none-any.whl", hash = "sha256:8f53aa98e4ddb054afc46d289c930e96267d32c35c3dc685721ec2fddee77e60"},
    {file = "geopandas-0.8.2.tar.gz", hash = "sha256:aa9ae82e4e6b52efa244bd4b8bd2363d66693e5592ad1a0f52b6afa8c36348cb"},
]
idna = [
    {file = "idna-2.10-py2.py3-none-any.whl", hash = "sha256:b97d804b1e9b523befed77c48dacec60e6dcb0b5391d57af6a65a312a90648c0"},
    {file = "idna-2.10.tar.gz", hash = "sha256:b307872f855b18632ce0c21c5e45be78c0ea7ae4c15c828c20788b26921eb3f6"},
]
locket = [
    {file = "locket-0.2.1-py2.py3-none-any.whl", hash = "sha256:12b6ada59d1f50710bca9704dbadd3f447dbf8dac6664575c1281cadab8e6449"},
    {file = "locket-0.2.1.tar.gz", hash = "sha256:3e1faba403619fe201552f083f1ecbf23f550941bc51985ac6ed4d02d25056dd"},
]
munch = [
    {file = "munch-2.5.0-py2.py3-none-any.whl", hash = "sha256:6f44af89a2ce4ed04ff8de41f70b226b984db10a91dcc7b9ac2efc1c77022fdd"},
    {file = "munch-2.5.0.tar.gz", hash = "sha256:2d735f6f24d4dba3417fa448cae40c6e896ec1fdab6cdb5e6510999758a4dbd2"},
]
numpy = [
    {file = "numpy-1.20.1-cp37-cp37m-macosx_10_9_x86_64.whl", hash = "sha256:ae61f02b84a0211abb56462a3b6cd1e7ec39d466d3160eb4e1da8bf6717cdbeb"},
    {file = "numpy-1.20.1-cp37-cp37m-manylinux1_i686.whl", hash = "sha256:65410c7f4398a0047eea5cca9b74009ea61178efd78d1be9847fac1d6716ec1e"},
    {file = "numpy-1.20.1-cp37-cp37m-manylinux1_x86_64.whl", hash = "sha256:2d7e27442599104ee08f4faed56bb87c55f8b10a5494ac2ead5c98a4b289e61f"},
    {file = "numpy-1.20.1-cp37-cp37m-manylinux2010_i686.whl", hash = "sha256:4ed8e96dc146e12c1c5cdd6fb9fd0757f2ba66048bf94c5126b7efebd12d0090"},
    {file = "numpy-1.20.1-cp37-cp37m-manylinux2010_x86_64.whl", hash = "sha256:ecb5b74c702358cdc21268ff4c37f7466357871f53a30e6f84c686952bef16a9"},
    {file = "numpy-1.20.1-cp37-cp37m-manylinux2014_aarch64.whl", hash = "sha256:b9410c0b6fed4a22554f072a86c361e417f0258838957b78bd063bde2c7f841f"},
    {file = "numpy-1.20.1-cp37-cp37m-win32.whl", hash = "sha256:3d3087e24e354c18fb35c454026af3ed8997cfd4997765266897c68d724e4845"},
    {file = "numpy-1.20.1-cp37-cp37m-win_amd64.whl", hash = "sha256:89f937b13b8dd17b0099c7c2e22066883c86ca1575a975f754babc8fbf8d69a9"},
    {file = "numpy-1.20.1-cp38-cp38-macosx_10_9_x86_64.whl", hash = "sha256:a1d7995d1023335e67fb070b2fae6f5968f5be3802b15ad6d79d81ecaa014fe0"},
    {file = "numpy-1.20.1-cp38-cp38-manylinux1_i686.whl", hash = "sha256:60759ab15c94dd0e1ed88241fd4fa3312db4e91d2c8f5a2d4cf3863fad83d65b"},
    {file = "numpy-1.20.1-cp38-cp38-manylinux1_x86_64.whl", hash = "sha256:125a0e10ddd99a874fd357bfa1b636cd58deb78ba4a30b5ddb09f645c3512e04"},
    {file = "numpy-1.20.1-cp38-cp38-manylinux2010_i686.whl", hash = "sha256:c26287dfc888cf1e65181f39ea75e11f42ffc4f4529e5bd19add57ad458996e2"},
    {file = "numpy-1.20.1-cp38-cp38-manylinux2010_x86_64.whl", hash = "sha256:7199109fa46277be503393be9250b983f325880766f847885607d9b13848f257"},
    {file = "numpy-1.20.1-cp38-cp38-manylinux2014_aarch64.whl", hash = "sha256:72251e43ac426ff98ea802a931922c79b8d7596480300eb9f1b1e45e0543571e"},
    {file = "numpy-1.20.1-cp38-cp38-win32.whl", hash = "sha256:c91ec9569facd4757ade0888371eced2ecf49e7982ce5634cc2cf4e7331a4b14"},
    {file = "numpy-1.20.1-cp38-cp38-win_amd64.whl", hash = "sha256:13adf545732bb23a796914fe5f891a12bd74cf3d2986eed7b7eba2941eea1590"},
    {file = "numpy-1.20.1-cp39-cp39-macosx_10_9_x86_64.whl", hash = "sha256:104f5e90b143dbf298361a99ac1af4cf59131218a045ebf4ee5990b83cff5fab"},
    {file = "numpy-1.20.1-cp39-cp39-manylinux2010_i686.whl", hash = "sha256:89e5336f2bec0c726ac7e7cdae181b325a9c0ee24e604704ed830d241c5e47ff"},
    {file = "numpy-1.20.1-cp39-cp39-manylinux2010_x86_64.whl", hash = "sha256:032be656d89bbf786d743fee11d01ef318b0781281241997558fa7950028dd29"},
    {file = "numpy-1.20.1-cp39-cp39-manylinux2014_aarch64.whl", hash = "sha256:66b467adfcf628f66ea4ac6430ded0614f5cc06ba530d09571ea404789064adc"},
    {file = "numpy-1.20.1-cp39-cp39-win32.whl", hash = "sha256:12e4ba5c6420917571f1a5becc9338abbde71dd811ce40b37ba62dec7b39af6d"},
    {file = "numpy-1.20.1-cp39-cp39-win_amd64.whl", hash = "sha256:9c94cab5054bad82a70b2e77741271790304651d584e2cdfe2041488e753863b"},
    {file = "numpy-1.20.1-pp37-pypy37_pp73-manylinux2010_x86_64.whl", hash = "sha256:9eb551d122fadca7774b97db8a112b77231dcccda8e91a5bc99e79890797175e"},
    {file = "numpy-1.20.1.zip", hash = "sha256:3bc63486a870294683980d76ec1e3efc786295ae00128f9ea38e2c6e74d5a60a"},
]
pandas = [
    {file = "pandas-1.2.2-cp37-cp37m-macosx_10_9_x86_64.whl", hash = "sha256:c76a108272a4de63189b8f64086bbaf8348841d7e610b52f50959fbbf401524f"},
    {file = "pandas-1.2.2-cp37-cp37m-manylinux1_i686.whl", hash = "sha256:e61a089151f1ed78682aa77a3bcae0495cf8e585546c26924857d7e8a9960568"},
    {file = "pandas-1.2.2-cp37-cp37m-manylinux1_x86_64.whl", hash = "sha256:fc351cd2df318674669481eb978a7799f24fd14ef26987a1aa75105b0531d1a1"},
    {file = "pandas-1.2.2-cp37-cp37m-win32.whl", hash = "sha256:05ca6bda50123158eb15e716789083ca4c3b874fd47688df1716daa72644ee1c"},
    {file = "pandas-1.2.2-cp37-cp37m-win_amd64.whl", hash = "sha256:08b6bbe74ae2b3e4741a744d2bce35ce0868a6b4189d8b84be26bb334f73da4c"},
    {file = "pandas-1.2.2-cp38-cp38-macosx_10_9_x86_64.whl", hash = "sha256:230de25bd9791748b2638c726a5f37d77a96a83854710110fadd068d1e2c2c9f"},
    {file = "pandas-1.2.2-cp38-cp38-manylinux1_i686.whl", hash = "sha256:a50cf3110a1914442e7b7b9cef394ef6bed0d801b8a34d56f4c4e927bbbcc7d0"},
    {file = "pandas-1.2.2-cp38-cp38-manylinux1_x86_64.whl", hash = "sha256:4d33537a375cfb2db4d388f9a929b6582a364137ea6c6b161b0166440d6ffe36"},
    {file = "pandas-1.2.2-cp38-cp38-manylinux2014_aarch64.whl", hash = "sha256:8ac028cd9a6e1efe43f3dc36f708263838283535cc45430a98b9803f44f4c84b"},
    {file = "pandas-1.2.2-cp38-cp38-win32.whl", hash = "sha256:c43d1beb098a1da15934262009a7120aac8dafa20d042b31dab48c28868eb5a4"},
    {file = "pandas-1.2.2-cp38-cp38-win_amd64.whl", hash = "sha256:69a70d79a791fa1fd5f6e84b8b6dec2ec92369bde4ab2e18d43fc8a1825f51d1"},
    {file = "pandas-1.2.2-cp39-cp39-macosx_10_9_x86_64.whl", hash = "sha256:cbad4155028b8ca66aa19a8b13f593ebbf51bfb6c3f2685fe64f04d695a81864"},
    {file = "pandas-1.2.2-cp39-cp39-manylinux1_i686.whl", hash = "sha256:fbddbb20f30308ba2546193d64e18c23b69f59d48cdef73676cbed803495c8dc"},
    {file = "pandas-1.2.2-cp39-cp39-manylinux1_x86_64.whl", hash = "sha256:214ae60b1f863844e97c87f758c29940ffad96c666257323a4bb2a33c58719c2"},
    {file = "pandas-1.2.2-cp39-cp39-manylinux2014_aarch64.whl", hash = "sha256:26b4919eb3039a686a86cd4f4a74224f8f66e3a419767da26909dcdd3b37c31e"},
    {file = "pandas-1.2.2-cp39-cp39-win32.whl", hash = "sha256:e3c250faaf9979d0ec836d25e420428db37783fa5fed218da49c9fc06f80f51c"},
    {file = "pandas-1.2.2-cp39-cp39-win_amd64.whl", hash = "sha256:e9bbcc7b5c432600797981706f5b54611990c6a86b2e424329c995eea5f9c42b"},
    {file = "pandas-1.2.2.tar.gz", hash = "sha256:14ed84b463e9b84c8ff9308a79b04bf591ae3122a376ee0f62c68a1bd917a773"},
]
partd = [
    {file = "partd-1.1.0-py3-none-any.whl", hash = "sha256:7a491cf254e5ab09e9e6a40d80195e5e0e5e169115bfb8287225cb0c207536d2"},
    {file = "partd-1.1.0.tar.gz", hash = "sha256:6e258bf0810701407ad1410d63d1a15cfd7b773fd9efe555dac6bb82cc8832b0"},
]
pyarrow = [
    {file = "pyarrow-2.0.0-cp35-cp35m-macosx_10_13_intel.whl", hash = "sha256:6afc71cc9c234f3cdbe971297468755ec3392966cb19d3a6caf42fd7dbc6aaa9"},
    {file = "pyarrow-2.0.0-cp35-cp35m-macosx_10_9_intel.whl", hash = "sha256:eb05038b750a6e16a9680f9d2c40d050796284ea1f94690da8f4f28805af0495"},
    {file = "pyarrow-2.0.0-cp35-cp35m-manylinux1_x86_64.whl", hash = "sha256:3e33e9003794c9062f4c963a10f2a0d787b83d4d1a517a375294f2293180b778"},
    {file = "pyarrow-2.0.0-cp35-cp35m-manylinux2010_x86_64.whl", hash = "sha256:ffb306951b5925a0638dc2ef1ab7ce8033f39e5b4e0fef5787b91ef4fa7da19d"},
    {file = "pyarrow-2.0.0-cp35-cp35m-manylinux2014_x86_64.whl", hash = "sha256:dc0d04c42632e65c4fcbe2f82c70109c5f347652844ead285bc1285dc3a67660"},
    {file = "pyarrow-2.0.0-cp35-cp35m-win_amd64.whl", hash = "sha256:916b593a24f2812b9a75adef1143b1dd89d799e1803282fea2829c5dc0b828ea"},
    {file = "pyarrow-2.0.0-cp36-cp36m-macosx_10_13_x86_64.whl", hash = "sha256:c801e59ec4e8d9d871e299726a528c3ba3139f2ce2d9cdab101f8483c52eec7c"},
    {file = "pyarrow-2.0.0-cp36-cp36m-macosx_10_9_x86_64.whl", hash = "sha256:0bf43e520c33ceb1dd47263a5326830fca65f18d827f7f7b8fe7e64fc4364d88"},
    {file = "pyarrow-2.0.0-cp36-cp36m-manylinux1_x86_64.whl", hash = "sha256:0b358773eb9fb1b31c8217c6c8c0b4681c3dff80562dc23ad5b379f0279dad69"},
    {file = "pyarrow-2.0.0-cp36-cp36m-manylinux2010_x86_64.whl", hash = "sha256:1000e491e9a539588ec33a2c2603cf05f1d4629aef375345bfd64f2ab7bc8529"},
    {file = "pyarrow-2.0.0-cp36-cp36m-manylinux2014_x86_64.whl", hash = "sha256:ce0462cec7f81c4ff87ce1a95c82a8d467606dce6c72e92906ac251c6115f32b"},
    {file = "pyarrow-2.0.0-cp36-cp36m-win_amd64.whl", hash = "sha256:16ec87163a2fb4abd48bf79cbdf70a7455faa83740e067c2280cfa45a63ed1f3"},
    {file = "pyarrow-2.0.0-cp37-cp37m-macosx_10_13_x86_64.whl", hash = "sha256:acdd18fd83c0be0b53a8e734c0a650fb27bbf4e7d96a8f7eb0a7506ea58bd594"},
    {file = "pyarrow-2.0.0-cp37-cp37m-macosx_10_9_x86_64.whl", hash = "sha256:9a8d3c6baa6e159017d97e8a028ae9eaa2811d8f1ab3d22710c04dcddc0dd7a1"},
    {file = "pyarrow-2.0.0-cp37-cp37m-manylinux1_x86_64.whl", hash = "sha256:652c5dff97624375ed0f97cc8ad6f88ee01953f15c17083917735de171f03fe0"},
    {file = "pyarrow-2.0.0-cp37-cp37m-manylinux2010_x86_64.whl", hash = "sha256:00d8fb8a9b2d9bb2f0ced2765b62c5d72689eed06c47315bca004584b0ccda60"},
    {file = "pyarrow-2.0.0-cp37-cp37m-manylinux2014_x86_64.whl", hash = "sha256:fb69672e69e1b752744ee1e236fdf03aad78ffec905fc5c19adbaf88bac4d0fd"},
    {file = "pyarrow-2.0.0-cp37-cp37m-win_amd64.whl", hash = "sha256:ccff3a72f70ebfcc002bf75f5ad1248065e5c9c14e0dcfa599a438ea221c5658"},
    {file = "pyarrow-2.0.0-cp38-cp38-macosx_10_13_x86_64.whl", hash = "sha256:bc8c3713086e4a137b3fda4b149440458b1b0bd72f67b1afa2c7068df1edc060"},
    {file = "pyarrow-2.0.0-cp38-cp38-macosx_10_9_x86_64.whl", hash = "sha256:9f4ba9ab479c0172e532f5d73c68e30a31c16b01e09bb21eba9201561231f722"},
    {file = "pyarrow-2.0.0-cp38-cp38-manylinux1_x86_64.whl", hash = "sha256:0db5156a66615591a4a8c66a9a30890a364a259de8d2a6ccb873c7d1740e6c75"},
    {file = "pyarrow-2.0.0-cp38-cp38-manylinux2010_x86_64.whl", hash = "sha256:cf9bf10daadbbf1a360ac1c7dab0b4f8381d81a3f452737bd6ed310d57a88be8"},
    {file = "pyarrow-2.0.0-cp38-cp38-manylinux2014_x86_64.whl", hash = "sha256:dd661b6598ce566c6f41d31cc1fc4482308613c2c0c808bd8db33b0643192f84"},
    {file = "pyarrow-2.0.0-cp38-cp38-win_amd64.whl", hash = "sha256:14b02a629986c25e045f81771799e07a8bb3f339898c111314066436769a3dd4"},
    {file = "pyarrow-2.0.0.tar.gz", hash = "sha256:b5e6cd217457e8febcc98a6c279b96f72d5c31a24cd2bffd8d3b2da701d2025c"},
]
pyproj = [
    {file = "pyproj-3.0.0.post1-cp36-cp36m-macosx_10_9_x86_64.whl", hash = "sha256:6c5c2f3a42d7ec4315207756fa22d94c2f1d44974a897d95fd0ae50c6275b10f"},
    {file = "pyproj-3.0.0.post1-cp36-cp36m-manylinux2010_i686.whl", hash = "sha256:4098c6245af35bc08c94d0569e3f4072520735c8fb6d484da26ac12de90d1461"},
    {file = "pyproj-3.0.0.post1-cp36-cp36m-manylinux2010_x86_64.whl", hash = "sha256:ff0ab697e710772ace753b6d72f017e013dd9d5aa0878406cc25d02c75c12963"},
    {file = "pyproj-3.0.0.post1-cp36-cp36m-manylinux2014_aarch64.whl", hash = "sha256:b845c6fbeae886ae4f06460ee35f9ae8526e5dc92c5db71bc575f0f836e2c11c"},
    {file = "pyproj-3.0.0.post1-cp36-cp36m-win32.whl", hash = "sha256:0e9c7a56ceb3a65d23a99b839ee846817d367c2f3c066b7687e78d9642331b3a"},
    {file = "pyproj-3.0.0.post1-cp36-cp36m-win_amd64.whl", hash = "sha256:57f35a708e10e5f24fec6f02643559bdcfcbeb757d5d1dc03049b818525002d3"},
    {file = "pyproj-3.0.0.post1-cp37-cp37m-macosx_10_9_x86_64.whl", hash = "sha256:cc0bac8f6fb46441f8b472cdad6c4809898c7f90f4f043420eee27e44f49b4e9"},
    {file = "pyproj-3.0.0.post1-cp37-cp37m-manylinux2010_i686.whl", hash = "sha256:1b09aa6a75c66fc7eaa0b48fadaaa5f831f4621b2c8d4c692cf1f21597200467"},
    {file = "pyproj-3.0.0.post1-cp37-cp37m-manylinux2010_x86_64.whl", hash = "sha256:6d76793b507341b29ca8d17da76c3f047e936f65728a7a5a549fb8e55b42a21b"},
    {file = "pyproj-3.0.0.post1-cp37-cp37m-manylinux2014_aarch64.whl", hash = "sha256:f9bfbadd28d258801853b2ea309f2d37c289a476a7eb08b4212f83627da52d60"},
    {file = "pyproj-3.0.0.post1-cp37-cp37m-win32.whl", hash = "sha256:657df773781d80d122e7d040464c17a004cdd7338739b8b24321ae3dbd872427"},
    {file = "pyproj-3.0.0.post1-cp37-cp37m-win_amd64.whl", hash = "sha256:73d495eca7ba83d9ea32b08cf86f65cbc2292cd2d889a2229bac4a56a32f2d5b"},
    {file = "pyproj-3.0.0.post1-cp38-cp38-macosx_10_9_x86_64.whl", hash = "sha256:a917e1d22e7a195edb06a7345c65e608b401fceead8dc96c49a00d06ff2f5e12"},
    {file = "pyproj-3.0.0.post1-cp38-cp38-manylinux2010_i686.whl", hash = "sha256:1974506d59f3cf57bdb05aabace43ed8dcbb9822373bfc7b4e85b9458ea22007"},
    {file = "pyproj-3.0.0.post1-cp38-cp38-manylinux2010_x86_64.whl", hash = "sha256:c3388bd9b23a5dab4d81331a3e9cde409c9f2bf2ce3f2c125a797000215c0062"},
    {file = "pyproj-3.0.0.post1-cp38-cp38-manylinux2014_aarch64.whl", hash = "sha256:8d3e61c59e624e76d9f26909ff6b50b04d0328ff7431ff7ec123d8b762d51998"},
    {file = "pyproj-3.0.0.post1-cp38-cp38-win32.whl", hash = "sha256:cdd6afc4a96aa69c605cd26d139714f3d0d51f2e50de308a4cfa04d8df9791d4"},
    {file = "pyproj-3.0.0.post1-cp38-cp38-win_amd64.whl", hash = "sha256:5f99e5f9303fcd30ee958a2dc5c50ead33523fc2e3d1b789f244047f7e348d8e"},
    {file = "pyproj-3.0.0.post1-cp39-cp39-macosx_10_9_x86_64.whl", hash = "sha256:4b49aad9ef82cb9d1768af3381a6691e7d011cacfea7914cab15a029f3d48197"},
    {file = "pyproj-3.0.0.post1-cp39-cp39-manylinux2010_i686.whl", hash = "sha256:2efc593fb610654ff002c6e48dde11a430d997c2c7f2e5a26793e93b58a2f137"},
    {file = "pyproj-3.0.0.post1-cp39-cp39-manylinux2010_x86_64.whl", hash = "sha256:608a09a4b739742ebe10a2c6f3d33f1e22a26d7763c1005ebd63cb00169b5112"},
    {file = "pyproj-3.0.0.post1-cp39-cp39-manylinux2014_aarch64.whl", hash = "sha256:1c4002dc1d06f750da80a63528195e0f4c18b466470ee8b3911bfadec0689036"},
    {file = "pyproj-3.0.0.post1-cp39-cp39-win32.whl", hash = "sha256:ab1b3af7ba2d06e45486d80967ad83028a252b15566cc326ae40ed067e0167cc"},
    {file = "pyproj-3.0.0.post1-cp39-cp39-win_amd64.whl", hash = "sha256:839c7c4478073c1e5109674d61edf0450e61e4317aabcd4f12e349be14eeeff9"},
    {file = "pyproj-3.0.0.post1-pp37-pypy37_pp73-win32.whl", hash = "sha256:8ba718f552e69073105021fd7b5ceb2189d4376e66d519c3b4cf0f1aed6a54d3"},
    {file = "pyproj-3.0.0.post1.tar.gz", hash = "sha256:a49581629cadd29e61fc061d153a4d62ff28b4063c71fe8ca881eeb98cd22017"},
]
python-dateutil = [
    {file = "python-dateutil-2.8.1.tar.gz", hash = "sha256:73ebfe9dbf22e832286dafa60473e4cd239f8592f699aa5adaf10050e6e1823c"},
    {file = "python_dateutil-2.8.1-py2.py3-none-any.whl", hash = "sha256:75bb3f31ea686f1197762692a9ee6a7550b59fc6ca3a1f4b5d7e32fb98e2da2a"},
]
pytz = [
    {file = "pytz-2021.1-py2.py3-none-any.whl", hash = "sha256:eb10ce3e7736052ed3623d49975ce333bcd712c7bb19a58b9e2089d4057d0798"},
    {file = "pytz-2021.1.tar.gz", hash = "sha256:83a4a90894bf38e243cf052c8b58f381bfe9a7a483f6a9cab140bc7f702ac4da"},
]
pyyaml = [
    {file = "PyYAML-5.4.1-cp27-cp27m-macosx_10_9_x86_64.whl", hash = "sha256:3b2b1824fe7112845700f815ff6a489360226a5609b96ec2190a45e62a9fc922"},
    {file = "PyYAML-5.4.1-cp27-cp27m-win32.whl", hash = "sha256:129def1b7c1bf22faffd67b8f3724645203b79d8f4cc81f674654d9902cb4393"},
    {file = "PyYAML-5.4.1-cp27-cp27m-win_amd64.whl", hash = "sha256:4465124ef1b18d9ace298060f4eccc64b0850899ac4ac53294547536533800c8"},
    {file = "PyYAML-5.4.1-cp27-cp27mu-manylinux1_x86_64.whl", hash = "sha256:bb4191dfc9306777bc594117aee052446b3fa88737cd13b7188d0e7aa8162185"},
    {file = "PyYAML-5.4.1-cp36-cp36m-macosx_10_9_x86_64.whl", hash = "sha256:6c78645d400265a062508ae399b60b8c167bf003db364ecb26dcab2bda048253"},
    {file = "PyYAML-5.4.1-cp36-cp36m-manylinux1_x86_64.whl", hash = "sha256:4e0583d24c881e14342eaf4ec5fbc97f934b999a6828693a99157fde912540cc"},
    {file = "PyYAML-5.4.1-cp36-cp36m-win32.whl", hash = "sha256:3bd0e463264cf257d1ffd2e40223b197271046d09dadf73a0fe82b9c1fc385a5"},
    {file = "PyYAML-5.4.1-cp36-cp36m-win_amd64.whl", hash = "sha256:e4fac90784481d221a8e4b1162afa7c47ed953be40d31ab4629ae917510051df"},
    {file = "PyYAML-5.4.1-cp37-cp37m-macosx_10_9_x86_64.whl", hash = "sha256:5accb17103e43963b80e6f837831f38d314a0495500067cb25afab2e8d7a4018"},
    {file = "PyYAML-5.4.1-cp37-cp37m-manylinux1_x86_64.whl", hash = "sha256:e1d4970ea66be07ae37a3c2e48b5ec63f7ba6804bdddfdbd3cfd954d25a82e63"},
    {file = "PyYAML-5.4.1-cp37-cp37m-win32.whl", hash = "sha256:dd5de0646207f053eb0d6c74ae45ba98c3395a571a2891858e87df7c9b9bd51b"},
    {file = "PyYAML-5.4.1-cp37-cp37m-win_amd64.whl", hash = "sha256:08682f6b72c722394747bddaf0aa62277e02557c0fd1c42cb853016a38f8dedf"},
    {file = "PyYAML-5.4.1-cp38-cp38-macosx_10_9_x86_64.whl", hash = "sha256:d2d9808ea7b4af864f35ea216be506ecec180628aced0704e34aca0b040ffe46"},
    {file = "PyYAML-5.4.1-cp38-cp38-manylinux1_x86_64.whl", hash = "sha256:8c1be557ee92a20f184922c7b6424e8ab6691788e6d86137c5d93c1a6ec1b8fb"},
    {file = "PyYAML-5.4.1-cp38-cp38-win32.whl", hash = "sha256:fa5ae20527d8e831e8230cbffd9f8fe952815b2b7dae6ffec25318803a7528fc"},
    {file = "PyYAML-5.4.1-cp38-cp38-win_amd64.whl", hash = "sha256:0f5f5786c0e09baddcd8b4b45f20a7b5d61a7e7e99846e3c799b05c7c53fa696"},
    {file = "PyYAML-5.4.1-cp39-cp39-macosx_10_9_x86_64.whl", hash = "sha256:294db365efa064d00b8d1ef65d8ea2c3426ac366c0c4368d930bf1c5fb497f77"},
    {file = "PyYAML-5.4.1-cp39-cp39-manylinux1_x86_64.whl", hash = "sha256:74c1485f7707cf707a7aef42ef6322b8f97921bd89be2ab6317fd782c2d53183"},
    {file = "PyYAML-5.4.1-cp39-cp39-win32.whl", hash = "sha256:49d4cdd9065b9b6e206d0595fee27a96b5dd22618e7520c33204a4a3239d5b10"},
    {file = "PyYAML-5.4.1-cp39-cp39-win_amd64.whl", hash = "sha256:c20cfa2d49991c8b4147af39859b167664f2ad4561704ee74c1de03318e898db"},
    {file = "PyYAML-5.4.1.tar.gz", hash = "sha256:607774cbba28732bfa802b54baa7484215f530991055bb562efbed5b2f20a45e"},
]
requests = [
    {file = "requests-2.25.1-py2.py3-none-any.whl", hash = "sha256:c210084e36a42ae6b9219e00e48287def368a26d03a048ddad7bfee44f75871e"},
    {file = "requests-2.25.1.tar.gz", hash = "sha256:27973dd4a904a4f13b263a19c866c13b92a39ed1c964655f025f3f8d3d75b804"},
]
shapely = [
    {file = "Shapely-1.7.1-cp27-cp27mu-manylinux1_x86_64.whl", hash = "sha256:4c10f317e379cc404f8fc510cd9982d5d3e7ba13a9cfd39aa251d894c6366798"},
    {file = "Shapely-1.7.1-cp35-cp35m-macosx_10_6_intel.whl", hash = "sha256:17df66e87d0fe0193910aeaa938c99f0b04f67b430edb8adae01e7be557b141b"},
    {file = "Shapely-1.7.1-cp35-cp35m-manylinux1_x86_64.whl", hash = "sha256:da38ed3d65b8091447dc3717e5218cc336d20303b77b0634b261bc5c1aa2bae8"},
    {file = "Shapely-1.7.1-cp35-cp35m-win32.whl", hash = "sha256:8e7659dd994792a0aad8fb80439f59055a21163e236faf2f9823beb63a380e19"},
    {file = "Shapely-1.7.1-cp35-cp35m-win_amd64.whl", hash = "sha256:791477edb422692e7dc351c5ed6530eb0e949a31b45569946619a0d9cd5f53cb"},
    {file = "Shapely-1.7.1-cp36-cp36m-macosx_10_9_x86_64.whl", hash = "sha256:e3afccf0437edc108eef1e2bb9cc4c7073e7705924eb4cd0bf7715cd1ef0ce1b"},
    {file = "Shapely-1.7.1-cp36-cp36m-manylinux1_x86_64.whl", hash = "sha256:8f15b6ce67dcc05b61f19c689b60f3fe58550ba994290ff8332f711f5aaa9840"},
    {file = "Shapely-1.7.1-cp36-cp36m-win32.whl", hash = "sha256:60e5b2282619249dbe8dc5266d781cc7d7fb1b27fa49f8241f2167672ad26719"},
    {file = "Shapely-1.7.1-cp36-cp36m-win_amd64.whl", hash = "sha256:de618e67b64a51a0768d26a9963ecd7d338a2cf6e9e7582d2385f88ad005b3d1"},
    {file = "Shapely-1.7.1-cp37-cp37m-macosx_10_9_x86_64.whl", hash = "sha256:182716ffb500d114b5d1b75d7fd9d14b7d3414cef3c38c0490534cc9ce20981a"},
    {file = "Shapely-1.7.1-cp37-cp37m-manylinux1_x86_64.whl", hash = "sha256:4f3c59f6dbf86a9fc293546de492f5e07344e045f9333f3a753f2dda903c45d1"},
    {file = "Shapely-1.7.1-cp37-cp37m-win32.whl", hash = "sha256:6871acba8fbe744efa4f9f34e726d070bfbf9bffb356a8f6d64557846324232b"},
    {file = "Shapely-1.7.1-cp37-cp37m-win_amd64.whl", hash = "sha256:35be1c5d869966569d3dfd4ec31832d7c780e9df760e1fe52131105685941891"},
    {file = "Shapely-1.7.1-cp38-cp38-macosx_10_9_x86_64.whl", hash = "sha256:052eb5b9ba756808a7825e8a8020fb146ec489dd5c919e7d139014775411e688"},
    {file = "Shapely-1.7.1-cp38-cp38-manylinux1_x86_64.whl", hash = "sha256:90a3e2ae0d6d7d50ff2370ba168fbd416a53e7d8448410758c5d6a5920646c1d"},
    {file = "Shapely-1.7.1-cp38-cp38-win32.whl", hash = "sha256:a3774516c8a83abfd1ddffb8b6ec1b0935d7fe6ea0ff5c31a18bfdae567b4eba"},
    {file = "Shapely-1.7.1-cp38-cp38-win_amd64.whl", hash = "sha256:6593026cd3f5daaea12bcc51ae5c979318070fefee210e7990cb8ac2364e79a1"},
    {file = "Shapely-1.7.1-cp39-cp39-manylinux1_x86_64.whl", hash = "sha256:b40cc7bb089ae4aa9ddba1db900b4cd1bce3925d2a4b5837b639e49de054784f"},
    {file = "Shapely-1.7.1-cp39-cp39-win32.whl", hash = "sha256:2df5260d0f2983309776cb41bfa85c464ec07018d88c0ecfca23d40bfadae2f1"},
    {file = "Shapely-1.7.1-cp39-cp39-win_amd64.whl", hash = "sha256:a5c3a50d823c192f32615a2a6920e8c046b09e07a58eba220407335a9cd2e8ea"},
    {file = "Shapely-1.7.1.tar.gz", hash = "sha256:1641724c1055459a7e2b8bbe47ba25bdc89554582e62aec23cb3f3ca25f9b129"},
]
six = [
    {file = "six-1.15.0-py2.py3-none-any.whl", hash = "sha256:8b74bedcbbbaca38ff6d7491d76f2b06b3592611af620f8426e82dddb04a5ced"},
    {file = "six-1.15.0.tar.gz", hash = "sha256:30639c035cdb23534cd4aa2dd52c3bf48f06e5f4a941509c8bafd8ce11080259"},
]
toolz = [
    {file = "toolz-0.11.1-py3-none-any.whl", hash = "sha256:1bc473acbf1a1db4e72a1ce587be347450e8f08324908b8a266b486f408f04d5"},
    {file = "toolz-0.11.1.tar.gz", hash = "sha256:c7a47921f07822fe534fb1c01c9931ab335a4390c782bd28c6bcc7c2f71f3fbf"},
]
tqdm = [
    {file = "tqdm-4.57.0-py2.py3-none-any.whl", hash = "sha256:70657337ec104eb4f3fb229285358f23f045433f6aea26846cdd55f0fd68945c"},
    {file = "tqdm-4.57.0.tar.gz", hash = "sha256:65185676e9fdf20d154cffd1c5de8e39ef9696ff7e59fe0156b1b08e468736af"},
]
urllib3 = [
    {file = "urllib3-1.26.3-py2.py3-none-any.whl", hash = "sha256:1b465e494e3e0d8939b50680403e3aedaa2bc434b7d5af64dfd3c958d7f5ae80"},
    {file = "urllib3-1.26.3.tar.gz", hash = "sha256:de3eedaad74a2683334e282005cd8d7f22f4d55fa690a2a1020a416cb0a47e73"},
]
valuation-office-ireland = [
    {file = "valuation_office_ireland-0.1.0-py3-none-any.whl", hash = "sha256:54c8cb669ccae82e635bb9b980135bccb7f9bd9e5e11780e2dcdc032b68f0bbe"},
    {file = "valuation_office_ireland-0.1.0.tar.gz", hash = "sha256:a888005c04f9926920344d1f38a6fc78d3b72911f485d8c8ee4667cc89be88d8"},
]
